// !$*UTF8*$!
{
	archiveVersion = 1;
	classes = {
	};
	objectVersion = 56;
	objects = {

/* Begin PBXBuildFile section */
		66052A432BC14EE60068850F /* UserSettings.swift in Sources */ = {isa = PBXBuildFile; fileRef = 66052A422BC14EE60068850F /* UserSettings.swift */; };
		660613792BBEADAE00B9D87B /* LocalState.swift in Sources */ = {isa = PBXBuildFile; fileRef = 660613782BBEADAE00B9D87B /* LocalState.swift */; };
		6615565E2C21C59400155ACB /* Locale+CurrncySymbol.swift in Sources */ = {isa = PBXBuildFile; fileRef = 6615565D2C21C59400155ACB /* Locale+CurrncySymbol.swift */; };
		661556602C21ED9F00155ACB /* MonthSalaryView.swift in Sources */ = {isa = PBXBuildFile; fileRef = 6615565F2C21ED9F00155ACB /* MonthSalaryView.swift */; };
		66623DD12CF79DD60006DA1F /* Color+components.swift in Sources */ = {isa = PBXBuildFile; fileRef = 66623DD02CF79DD60006DA1F /* Color+components.swift */; };
		66623DD72CF79E460006DA1F /* ParticlesView.swift in Sources */ = {isa = PBXBuildFile; fileRef = 66623DD62CF79E460006DA1F /* ParticlesView.swift */; };
		66623DDA2CF79E5D0006DA1F /* Particle.swift in Sources */ = {isa = PBXBuildFile; fileRef = 66623DD82CF79E5D0006DA1F /* Particle.swift */; };
		66623DDB2CF79E5D0006DA1F /* ParticleSystem.swift in Sources */ = {isa = PBXBuildFile; fileRef = 66623DD92CF79E5D0006DA1F /* ParticleSystem.swift */; };
		66689DC52BAC9F030028E7A9 /* MainScreenView.swift in Sources */ = {isa = PBXBuildFile; fileRef = 66689DC42BAC9F030028E7A9 /* MainScreenView.swift */; };
		66689DC72BAC9F370028E7A9 /* MainScreenView+ViewModel.swift in Sources */ = {isa = PBXBuildFile; fileRef = 66689DC62BAC9F370028E7A9 /* MainScreenView+ViewModel.swift */; };
		66689DCB2BACA78B0028E7A9 /* CalendarConnector.swift in Sources */ = {isa = PBXBuildFile; fileRef = 66689DCA2BACA78B0028E7A9 /* CalendarConnector.swift */; };
		667970922BA9F86E00597A7B /* SettingsView.swift in Sources */ = {isa = PBXBuildFile; fileRef = 667970912BA9F86E00597A7B /* SettingsView.swift */; };
		667970942BA9F89400597A7B /* AddWorkView.swift in Sources */ = {isa = PBXBuildFile; fileRef = 667970932BA9F89400597A7B /* AddWorkView.swift */; };
		668E06212BADDDB7009C6C06 /* Date+utilities.swift in Sources */ = {isa = PBXBuildFile; fileRef = 668E06202BADDDB7009C6C06 /* Date+utilities.swift */; };
		668E06272BAF769F009C6C06 /* EKEvent+duration.swift in Sources */ = {isa = PBXBuildFile; fileRef = 668E06262BAF769F009C6C06 /* EKEvent+duration.swift */; };
		668E06292BAF7AE6009C6C06 /* CalendarCalculator.swift in Sources */ = {isa = PBXBuildFile; fileRef = 668E06282BAF7AE6009C6C06 /* CalendarCalculator.swift */; };
		668E062B2BB0889C009C6C06 /* WorkTime.swift in Sources */ = {isa = PBXBuildFile; fileRef = 668E062A2BB0889C009C6C06 /* WorkTime.swift */; };
		669E8EF12C234E5400476AD2 /* ChartContainer.swift in Sources */ = {isa = PBXBuildFile; fileRef = 669E8EF02C234E5400476AD2 /* ChartContainer.swift */; };
		66BEA7802B813B710051D68B /* WorkCalendarManagerApp.swift in Sources */ = {isa = PBXBuildFile; fileRef = 66BEA77F2B813B710051D68B /* WorkCalendarManagerApp.swift */; };
		66BEA7822B813B710051D68B /* ContentView.swift in Sources */ = {isa = PBXBuildFile; fileRef = 66BEA7812B813B710051D68B /* ContentView.swift */; };
		66BEA7842B813B730051D68B /* Assets.xcassets in Resources */ = {isa = PBXBuildFile; fileRef = 66BEA7832B813B730051D68B /* Assets.xcassets */; };
		66BEA7872B813B730051D68B /* Preview Assets.xcassets in Resources */ = {isa = PBXBuildFile; fileRef = 66BEA7862B813B730051D68B /* Preview Assets.xcassets */; };
		66D2AFB12BBC20FF001B884E /* CalendarsPicker.swift in Sources */ = {isa = PBXBuildFile; fileRef = 66D2AFB02BBC20FF001B884E /* CalendarsPicker.swift */; };
		66DE6BBE2D05E33200B228D0 /* Localizable.xcstrings in Resources */ = {isa = PBXBuildFile; fileRef = 66DE6BBD2D05E33200B228D0 /* Localizable.xcstrings */; };
		66F28FAA2CEA113E009571AB /* EventsCreator.swift in Sources */ = {isa = PBXBuildFile; fileRef = 66F28FA92CEA113E009571AB /* EventsCreator.swift */; };
		66F28FAC2CEA711D009571AB /* EKEventStore+utilities.swift in Sources */ = {isa = PBXBuildFile; fileRef = 66F28FAB2CEA711D009571AB /* EKEventStore+utilities.swift */; };
		66F6F8862BBFE51A00B8281C /* UserDefaultsKeys.swift in Sources */ = {isa = PBXBuildFile; fileRef = 66F6F8852BBFE51A00B8281C /* UserDefaultsKeys.swift */; };
/* End PBXBuildFile section */

/* Begin PBXFileReference section */
		66052A422BC14EE60068850F /* UserSettings.swift */ = {isa = PBXFileReference; lastKnownFileType = sourcecode.swift; path = UserSettings.swift; sourceTree = "<group>"; };
		660613782BBEADAE00B9D87B /* LocalState.swift */ = {isa = PBXFileReference; lastKnownFileType = sourcecode.swift; path = LocalState.swift; sourceTree = "<group>"; };
		6615565D2C21C59400155ACB /* Locale+CurrncySymbol.swift */ = {isa = PBXFileReference; lastKnownFileType = sourcecode.swift; path = "Locale+CurrncySymbol.swift"; sourceTree = "<group>"; };
		6615565F2C21ED9F00155ACB /* MonthSalaryView.swift */ = {isa = PBXFileReference; lastKnownFileType = sourcecode.swift; path = MonthSalaryView.swift; sourceTree = "<group>"; };
		66623DD02CF79DD60006DA1F /* Color+components.swift */ = {isa = PBXFileReference; lastKnownFileType = sourcecode.swift; path = "Color+components.swift"; sourceTree = "<group>"; };
		66623DD62CF79E460006DA1F /* ParticlesView.swift */ = {isa = PBXFileReference; lastKnownFileType = sourcecode.swift; path = ParticlesView.swift; sourceTree = "<group>"; };
		66623DD82CF79E5D0006DA1F /* Particle.swift */ = {isa = PBXFileReference; lastKnownFileType = sourcecode.swift; path = Particle.swift; sourceTree = "<group>"; };
		66623DD92CF79E5D0006DA1F /* ParticleSystem.swift */ = {isa = PBXFileReference; lastKnownFileType = sourcecode.swift; path = ParticleSystem.swift; sourceTree = "<group>"; };
		66689DC42BAC9F030028E7A9 /* MainScreenView.swift */ = {isa = PBXFileReference; lastKnownFileType = sourcecode.swift; path = MainScreenView.swift; sourceTree = "<group>"; };
		66689DC62BAC9F370028E7A9 /* MainScreenView+ViewModel.swift */ = {isa = PBXFileReference; lastKnownFileType = sourcecode.swift; path = "MainScreenView+ViewModel.swift"; sourceTree = "<group>"; };
		66689DCA2BACA78B0028E7A9 /* CalendarConnector.swift */ = {isa = PBXFileReference; fileEncoding = 4; lastKnownFileType = sourcecode.swift; path = CalendarConnector.swift; sourceTree = "<group>"; };
		667970912BA9F86E00597A7B /* SettingsView.swift */ = {isa = PBXFileReference; lastKnownFileType = sourcecode.swift; path = SettingsView.swift; sourceTree = "<group>"; };
		667970932BA9F89400597A7B /* AddWorkView.swift */ = {isa = PBXFileReference; lastKnownFileType = sourcecode.swift; path = AddWorkView.swift; sourceTree = "<group>"; };
		667970952BA9FB4300597A7B /* Info.plist */ = {isa = PBXFileReference; lastKnownFileType = text.plist.xml; path = Info.plist; sourceTree = "<group>"; };
		668E06202BADDDB7009C6C06 /* Date+utilities.swift */ = {isa = PBXFileReference; lastKnownFileType = sourcecode.swift; path = "Date+utilities.swift"; sourceTree = "<group>"; };
		668E06262BAF769F009C6C06 /* EKEvent+duration.swift */ = {isa = PBXFileReference; lastKnownFileType = sourcecode.swift; path = "EKEvent+duration.swift"; sourceTree = "<group>"; };
		668E06282BAF7AE6009C6C06 /* CalendarCalculator.swift */ = {isa = PBXFileReference; lastKnownFileType = sourcecode.swift; path = CalendarCalculator.swift; sourceTree = "<group>"; };
		668E062A2BB0889C009C6C06 /* WorkTime.swift */ = {isa = PBXFileReference; lastKnownFileType = sourcecode.swift; path = WorkTime.swift; sourceTree = "<group>"; };
		669E8EF02C234E5400476AD2 /* ChartContainer.swift */ = {isa = PBXFileReference; lastKnownFileType = sourcecode.swift; path = ChartContainer.swift; sourceTree = "<group>"; };
		66BEA77C2B813B710051D68B /* WorkCalendarManager.app */ = {isa = PBXFileReference; explicitFileType = wrapper.application; includeInIndex = 0; path = WorkCalendarManager.app; sourceTree = BUILT_PRODUCTS_DIR; };
		66BEA77F2B813B710051D68B /* WorkCalendarManagerApp.swift */ = {isa = PBXFileReference; lastKnownFileType = sourcecode.swift; path = WorkCalendarManagerApp.swift; sourceTree = "<group>"; };
		66BEA7812B813B710051D68B /* ContentView.swift */ = {isa = PBXFileReference; lastKnownFileType = sourcecode.swift; path = ContentView.swift; sourceTree = "<group>"; };
		66BEA7832B813B730051D68B /* Assets.xcassets */ = {isa = PBXFileReference; lastKnownFileType = folder.assetcatalog; path = Assets.xcassets; sourceTree = "<group>"; };
		66BEA7862B813B730051D68B /* Preview Assets.xcassets */ = {isa = PBXFileReference; lastKnownFileType = folder.assetcatalog; path = "Preview Assets.xcassets"; sourceTree = "<group>"; };
		66D2AFB02BBC20FF001B884E /* CalendarsPicker.swift */ = {isa = PBXFileReference; lastKnownFileType = sourcecode.swift; path = CalendarsPicker.swift; sourceTree = "<group>"; };
		66DE6BBD2D05E33200B228D0 /* Localizable.xcstrings */ = {isa = PBXFileReference; lastKnownFileType = text.json.xcstrings; path = Localizable.xcstrings; sourceTree = "<group>"; };
		66F28FA92CEA113E009571AB /* EventsCreator.swift */ = {isa = PBXFileReference; lastKnownFileType = sourcecode.swift; path = EventsCreator.swift; sourceTree = "<group>"; };
		66F28FAB2CEA711D009571AB /* EKEventStore+utilities.swift */ = {isa = PBXFileReference; lastKnownFileType = sourcecode.swift; path = "EKEventStore+utilities.swift"; sourceTree = "<group>"; };
		66F6F8852BBFE51A00B8281C /* UserDefaultsKeys.swift */ = {isa = PBXFileReference; lastKnownFileType = sourcecode.swift; path = UserDefaultsKeys.swift; sourceTree = "<group>"; };
/* End PBXFileReference section */

/* Begin PBXFrameworksBuildPhase section */
		66BEA7792B813B710051D68B /* Frameworks */ = {
			isa = PBXFrameworksBuildPhase;
			buildActionMask = 2147483647;
			files = (
			);
			runOnlyForDeploymentPostprocessing = 0;
		};
/* End PBXFrameworksBuildPhase section */

/* Begin PBXGroup section */
		661686622C4E664A00122233 /* Extensions */ = {
			isa = PBXGroup;
			children = (
				66623DD02CF79DD60006DA1F /* Color+components.swift */,
				668E06202BADDDB7009C6C06 /* Date+utilities.swift */,
				668E06262BAF769F009C6C06 /* EKEvent+duration.swift */,
				6615565D2C21C59400155ACB /* Locale+CurrncySymbol.swift */,
				66F28FAB2CEA711D009571AB /* EKEventStore+utilities.swift */,
			);
			path = Extensions;
			sourceTree = "<group>";
		};
		661686632C4E666400122233 /* DataStructs */ = {
			isa = PBXGroup;
			children = (
				668E062A2BB0889C009C6C06 /* WorkTime.swift */,
			);
			path = DataStructs;
			sourceTree = "<group>";
		};
		66623DDC2CF79E650006DA1F /* Particles */ = {
			isa = PBXGroup;
			children = (
				66623DD82CF79E5D0006DA1F /* Particle.swift */,
				66623DD92CF79E5D0006DA1F /* ParticleSystem.swift */,
			);
			path = Particles;
			sourceTree = "<group>";
		};
		668E06222BAF762A009C6C06 /* MainScreen */ = {
			isa = PBXGroup;
			children = (
				66689DC42BAC9F030028E7A9 /* MainScreenView.swift */,
				66689DC62BAC9F370028E7A9 /* MainScreenView+ViewModel.swift */,
				6615565F2C21ED9F00155ACB /* MonthSalaryView.swift */,
				669E8EF02C234E5400476AD2 /* ChartContainer.swift */,
			);
			path = MainScreen;
			sourceTree = "<group>";
		};
		668E06232BAF763B009C6C06 /* View */ = {
			isa = PBXGroup;
			children = (
				667970932BA9F89400597A7B /* AddWorkView.swift */,
				66BEA7812B813B710051D68B /* ContentView.swift */,
				66D2AFB02BBC20FF001B884E /* CalendarsPicker.swift */,
				66623DD62CF79E460006DA1F /* ParticlesView.swift */,
				667970912BA9F86E00597A7B /* SettingsView.swift */,
				668E06222BAF762A009C6C06 /* MainScreen */,
			);
			path = View;
			sourceTree = "<group>";
		};
		668E06242BAF7650009C6C06 /* Utilities */ = {
			isa = PBXGroup;
			children = (
				667970952BA9FB4300597A7B /* Info.plist */,
				66BEA7832B813B730051D68B /* Assets.xcassets */,
			);
			name = Utilities;
			sourceTree = "<group>";
		};
		668E06252BAF7663009C6C06 /* Model */ = {
			isa = PBXGroup;
			children = (
				661686632C4E666400122233 /* DataStructs */,
				661686622C4E664A00122233 /* Extensions */,
				66623DDC2CF79E650006DA1F /* Particles */,
				668E06282BAF7AE6009C6C06 /* CalendarCalculator.swift */,
				66689DCA2BACA78B0028E7A9 /* CalendarConnector.swift */,
				66F28FA92CEA113E009571AB /* EventsCreator.swift */,
				660613782BBEADAE00B9D87B /* LocalState.swift */,
				66F6F8852BBFE51A00B8281C /* UserDefaultsKeys.swift */,
				66052A422BC14EE60068850F /* UserSettings.swift */,
			);
			path = Model;
			sourceTree = "<group>";
		};
		66BEA7732B813B710051D68B = {
			isa = PBXGroup;
			children = (
				66BEA77E2B813B710051D68B /* WorkCalendarManager */,
				66BEA77D2B813B710051D68B /* Products */,
			);
			sourceTree = "<group>";
		};
		66BEA77D2B813B710051D68B /* Products */ = {
			isa = PBXGroup;
			children = (
				66BEA77C2B813B710051D68B /* WorkCalendarManager.app */,
			);
			name = Products;
			sourceTree = "<group>";
		};
		66BEA77E2B813B710051D68B /* WorkCalendarManager */ = {
			isa = PBXGroup;
			children = (
				668E06242BAF7650009C6C06 /* Utilities */,
				66BEA7852B813B730051D68B /* Preview Content */,
				66BEA77F2B813B710051D68B /* WorkCalendarManagerApp.swift */,
				66DE6BBD2D05E33200B228D0 /* Localizable.xcstrings */,
				668E06232BAF763B009C6C06 /* View */,
				668E06252BAF7663009C6C06 /* Model */,
			);
			path = WorkCalendarManager;
			sourceTree = "<group>";
		};
		66BEA7852B813B730051D68B /* Preview Content */ = {
			isa = PBXGroup;
			children = (
				66BEA7862B813B730051D68B /* Preview Assets.xcassets */,
			);
			path = "Preview Content";
			sourceTree = "<group>";
		};
/* End PBXGroup section */

/* Begin PBXNativeTarget section */
		66BEA77B2B813B710051D68B /* WorkCalendarManager */ = {
			isa = PBXNativeTarget;
			buildConfigurationList = 66BEA78A2B813B730051D68B /* Build configuration list for PBXNativeTarget "WorkCalendarManager" */;
			buildPhases = (
				66BEA7782B813B710051D68B /* Sources */,
				66BEA7792B813B710051D68B /* Frameworks */,
				66BEA77A2B813B710051D68B /* Resources */,
			);
			buildRules = (
			);
			dependencies = (
			);
			name = WorkCalendarManager;
			productName = WorkCalendarManager;
			productReference = 66BEA77C2B813B710051D68B /* WorkCalendarManager.app */;
			productType = "com.apple.product-type.application";
		};
/* End PBXNativeTarget section */

/* Begin PBXProject section */
		66BEA7742B813B710051D68B /* Project object */ = {
			isa = PBXProject;
			attributes = {
				BuildIndependentTargetsInParallel = 1;
				LastSwiftUpdateCheck = 1520;
				LastUpgradeCheck = 1520;
				TargetAttributes = {
					66BEA77B2B813B710051D68B = {
						CreatedOnToolsVersion = 15.2;
					};
				};
			};
			buildConfigurationList = 66BEA7772B813B710051D68B /* Build configuration list for PBXProject "WorkCalendarManager" */;
			compatibilityVersion = "Xcode 14.0";
			developmentRegion = en;
			hasScannedForEncodings = 0;
			knownRegions = (
				en,
				Base,
				pl,
			);
			mainGroup = 66BEA7732B813B710051D68B;
			productRefGroup = 66BEA77D2B813B710051D68B /* Products */;
			projectDirPath = "";
			projectRoot = "";
			targets = (
				66BEA77B2B813B710051D68B /* WorkCalendarManager */,
			);
		};
/* End PBXProject section */

/* Begin PBXResourcesBuildPhase section */
		66BEA77A2B813B710051D68B /* Resources */ = {
			isa = PBXResourcesBuildPhase;
			buildActionMask = 2147483647;
			files = (
				66BEA7872B813B730051D68B /* Preview Assets.xcassets in Resources */,
				66BEA7842B813B730051D68B /* Assets.xcassets in Resources */,
				66DE6BBE2D05E33200B228D0 /* Localizable.xcstrings in Resources */,
			);
			runOnlyForDeploymentPostprocessing = 0;
		};
/* End PBXResourcesBuildPhase section */

/* Begin PBXSourcesBuildPhase section */
		66BEA7782B813B710051D68B /* Sources */ = {
			isa = PBXSourcesBuildPhase;
			buildActionMask = 2147483647;
			files = (
				669E8EF12C234E5400476AD2 /* ChartContainer.swift in Sources */,
				66689DCB2BACA78B0028E7A9 /* CalendarConnector.swift in Sources */,
				668E06292BAF7AE6009C6C06 /* CalendarCalculator.swift in Sources */,
				66623DD72CF79E460006DA1F /* ParticlesView.swift in Sources */,
				66689DC72BAC9F370028E7A9 /* MainScreenView+ViewModel.swift in Sources */,
				66D2AFB12BBC20FF001B884E /* CalendarsPicker.swift in Sources */,
				660613792BBEADAE00B9D87B /* LocalState.swift in Sources */,
				667970922BA9F86E00597A7B /* SettingsView.swift in Sources */,
				66623DD12CF79DD60006DA1F /* Color+components.swift in Sources */,
				66F28FAA2CEA113E009571AB /* EventsCreator.swift in Sources */,
				66689DC52BAC9F030028E7A9 /* MainScreenView.swift in Sources */,
				668E06272BAF769F009C6C06 /* EKEvent+duration.swift in Sources */,
				66F6F8862BBFE51A00B8281C /* UserDefaultsKeys.swift in Sources */,
				668E06212BADDDB7009C6C06 /* Date+utilities.swift in Sources */,
				661556602C21ED9F00155ACB /* MonthSalaryView.swift in Sources */,
				668E062B2BB0889C009C6C06 /* WorkTime.swift in Sources */,
				66BEA7822B813B710051D68B /* ContentView.swift in Sources */,
				6615565E2C21C59400155ACB /* Locale+CurrncySymbol.swift in Sources */,
				66BEA7802B813B710051D68B /* WorkCalendarManagerApp.swift in Sources */,
				66052A432BC14EE60068850F /* UserSettings.swift in Sources */,
				66623DDA2CF79E5D0006DA1F /* Particle.swift in Sources */,
				66623DDB2CF79E5D0006DA1F /* ParticleSystem.swift in Sources */,
				66F28FAC2CEA711D009571AB /* EKEventStore+utilities.swift in Sources */,
				667970942BA9F89400597A7B /* AddWorkView.swift in Sources */,
			);
			runOnlyForDeploymentPostprocessing = 0;
		};
/* End PBXSourcesBuildPhase section */

/* Begin XCBuildConfiguration section */
		66BEA7882B813B730051D68B /* Debug */ = {
			isa = XCBuildConfiguration;
			buildSettings = {
				ALWAYS_SEARCH_USER_PATHS = NO;
				ASSETCATALOG_COMPILER_GENERATE_SWIFT_ASSET_SYMBOL_EXTENSIONS = YES;
				CLANG_ANALYZER_NONNULL = YES;
				CLANG_ANALYZER_NUMBER_OBJECT_CONVERSION = YES_AGGRESSIVE;
				CLANG_CXX_LANGUAGE_STANDARD = "gnu++20";
				CLANG_ENABLE_MODULES = YES;
				CLANG_ENABLE_OBJC_ARC = YES;
				CLANG_ENABLE_OBJC_WEAK = YES;
				CLANG_WARN_BLOCK_CAPTURE_AUTORELEASING = YES;
				CLANG_WARN_BOOL_CONVERSION = YES;
				CLANG_WARN_COMMA = YES;
				CLANG_WARN_CONSTANT_CONVERSION = YES;
				CLANG_WARN_DEPRECATED_OBJC_IMPLEMENTATIONS = YES;
				CLANG_WARN_DIRECT_OBJC_ISA_USAGE = YES_ERROR;
				CLANG_WARN_DOCUMENTATION_COMMENTS = YES;
				CLANG_WARN_EMPTY_BODY = YES;
				CLANG_WARN_ENUM_CONVERSION = YES;
				CLANG_WARN_INFINITE_RECURSION = YES;
				CLANG_WARN_INT_CONVERSION = YES;
				CLANG_WARN_NON_LITERAL_NULL_CONVERSION = YES;
				CLANG_WARN_OBJC_IMPLICIT_RETAIN_SELF = YES;
				CLANG_WARN_OBJC_LITERAL_CONVERSION = YES;
				CLANG_WARN_OBJC_ROOT_CLASS = YES_ERROR;
				CLANG_WARN_QUOTED_INCLUDE_IN_FRAMEWORK_HEADER = YES;
				CLANG_WARN_RANGE_LOOP_ANALYSIS = YES;
				CLANG_WARN_STRICT_PROTOTYPES = YES;
				CLANG_WARN_SUSPICIOUS_MOVE = YES;
				CLANG_WARN_UNGUARDED_AVAILABILITY = YES_AGGRESSIVE;
				CLANG_WARN_UNREACHABLE_CODE = YES;
				CLANG_WARN__DUPLICATE_METHOD_MATCH = YES;
				COPY_PHASE_STRIP = NO;
				DEBUG_INFORMATION_FORMAT = dwarf;
				ENABLE_STRICT_OBJC_MSGSEND = YES;
				ENABLE_TESTABILITY = YES;
				ENABLE_USER_SCRIPT_SANDBOXING = YES;
				GCC_C_LANGUAGE_STANDARD = gnu17;
				GCC_DYNAMIC_NO_PIC = NO;
				GCC_NO_COMMON_BLOCKS = YES;
				GCC_OPTIMIZATION_LEVEL = 0;
				GCC_PREPROCESSOR_DEFINITIONS = (
					"DEBUG=1",
					"$(inherited)",
				);
				GCC_WARN_64_TO_32_BIT_CONVERSION = YES;
				GCC_WARN_ABOUT_RETURN_TYPE = YES_ERROR;
				GCC_WARN_UNDECLARED_SELECTOR = YES;
				GCC_WARN_UNINITIALIZED_AUTOS = YES_AGGRESSIVE;
				GCC_WARN_UNUSED_FUNCTION = YES;
				GCC_WARN_UNUSED_VARIABLE = YES;
				IPHONEOS_DEPLOYMENT_TARGET = 17.0;
				LOCALIZATION_PREFERS_STRING_CATALOGS = YES;
				MTL_ENABLE_DEBUG_INFO = INCLUDE_SOURCE;
				MTL_FAST_MATH = YES;
				ONLY_ACTIVE_ARCH = YES;
				SDKROOT = iphoneos;
				SWIFT_ACTIVE_COMPILATION_CONDITIONS = "DEBUG $(inherited)";
				SWIFT_EMIT_LOC_STRINGS = YES;
				SWIFT_OPTIMIZATION_LEVEL = "-Onone";
			};
			name = Debug;
		};
		66BEA7892B813B730051D68B /* Release */ = {
			isa = XCBuildConfiguration;
			buildSettings = {
				ALWAYS_SEARCH_USER_PATHS = NO;
				ASSETCATALOG_COMPILER_GENERATE_SWIFT_ASSET_SYMBOL_EXTENSIONS = YES;
				CLANG_ANALYZER_NONNULL = YES;
				CLANG_ANALYZER_NUMBER_OBJECT_CONVERSION = YES_AGGRESSIVE;
				CLANG_CXX_LANGUAGE_STANDARD = "gnu++20";
				CLANG_ENABLE_MODULES = YES;
				CLANG_ENABLE_OBJC_ARC = YES;
				CLANG_ENABLE_OBJC_WEAK = YES;
				CLANG_WARN_BLOCK_CAPTURE_AUTORELEASING = YES;
				CLANG_WARN_BOOL_CONVERSION = YES;
				CLANG_WARN_COMMA = YES;
				CLANG_WARN_CONSTANT_CONVERSION = YES;
				CLANG_WARN_DEPRECATED_OBJC_IMPLEMENTATIONS = YES;
				CLANG_WARN_DIRECT_OBJC_ISA_USAGE = YES_ERROR;
				CLANG_WARN_DOCUMENTATION_COMMENTS = YES;
				CLANG_WARN_EMPTY_BODY = YES;
				CLANG_WARN_ENUM_CONVERSION = YES;
				CLANG_WARN_INFINITE_RECURSION = YES;
				CLANG_WARN_INT_CONVERSION = YES;
				CLANG_WARN_NON_LITERAL_NULL_CONVERSION = YES;
				CLANG_WARN_OBJC_IMPLICIT_RETAIN_SELF = YES;
				CLANG_WARN_OBJC_LITERAL_CONVERSION = YES;
				CLANG_WARN_OBJC_ROOT_CLASS = YES_ERROR;
				CLANG_WARN_QUOTED_INCLUDE_IN_FRAMEWORK_HEADER = YES;
				CLANG_WARN_RANGE_LOOP_ANALYSIS = YES;
				CLANG_WARN_STRICT_PROTOTYPES = YES;
				CLANG_WARN_SUSPICIOUS_MOVE = YES;
				CLANG_WARN_UNGUARDED_AVAILABILITY = YES_AGGRESSIVE;
				CLANG_WARN_UNREACHABLE_CODE = YES;
				CLANG_WARN__DUPLICATE_METHOD_MATCH = YES;
				COPY_PHASE_STRIP = NO;
				DEBUG_INFORMATION_FORMAT = "dwarf-with-dsym";
				ENABLE_NS_ASSERTIONS = NO;
				ENABLE_STRICT_OBJC_MSGSEND = YES;
				ENABLE_USER_SCRIPT_SANDBOXING = YES;
				GCC_C_LANGUAGE_STANDARD = gnu17;
				GCC_NO_COMMON_BLOCKS = YES;
				GCC_WARN_64_TO_32_BIT_CONVERSION = YES;
				GCC_WARN_ABOUT_RETURN_TYPE = YES_ERROR;
				GCC_WARN_UNDECLARED_SELECTOR = YES;
				GCC_WARN_UNINITIALIZED_AUTOS = YES_AGGRESSIVE;
				GCC_WARN_UNUSED_FUNCTION = YES;
				GCC_WARN_UNUSED_VARIABLE = YES;
				IPHONEOS_DEPLOYMENT_TARGET = 17.0;
				LOCALIZATION_PREFERS_STRING_CATALOGS = YES;
				MTL_ENABLE_DEBUG_INFO = NO;
				MTL_FAST_MATH = YES;
				SDKROOT = iphoneos;
				SWIFT_COMPILATION_MODE = wholemodule;
				SWIFT_EMIT_LOC_STRINGS = YES;
				VALIDATE_PRODUCT = YES;
			};
			name = Release;
		};
		66BEA78B2B813B730051D68B /* Debug */ = {
			isa = XCBuildConfiguration;
			buildSettings = {
				ASSETCATALOG_COMPILER_APPICON_NAME = AppIcon;
				ASSETCATALOG_COMPILER_GLOBAL_ACCENT_COLOR_NAME = AccentColor;
				CODE_SIGN_STYLE = Automatic;
				CURRENT_PROJECT_VERSION = 1;
				DEVELOPMENT_ASSET_PATHS = "\"WorkCalendarManager/Preview Content\"";
				DEVELOPMENT_TEAM = 8M6629LY4U;
				ENABLE_PREVIEWS = YES;
				GENERATE_INFOPLIST_FILE = YES;
				INFOPLIST_FILE = WorkCalendarManager/Info.plist;
				INFOPLIST_KEY_UIApplicationSceneManifest_Generation = YES;
				INFOPLIST_KEY_UIApplicationSupportsIndirectInputEvents = YES;
				INFOPLIST_KEY_UILaunchScreen_Generation = YES;
				INFOPLIST_KEY_UISupportedInterfaceOrientations = UIInterfaceOrientationPortrait;
				INFOPLIST_KEY_UISupportedInterfaceOrientations_iPad = "UIInterfaceOrientationLandscapeLeft UIInterfaceOrientationLandscapeRight UIInterfaceOrientationPortrait UIInterfaceOrientationPortraitUpsideDown";
				IPHONEOS_DEPLOYMENT_TARGET = 17.0;
				LD_RUNPATH_SEARCH_PATHS = (
					"$(inherited)",
					"@executable_path/Frameworks",
				);
				MARKETING_VERSION = 1.0;
				PRODUCT_BUNDLE_IDENTIFIER = com.admi126n.WorkCalendarManager;
				PRODUCT_NAME = "$(TARGET_NAME)";
				SWIFT_EMIT_LOC_STRINGS = YES;
				SWIFT_VERSION = 5.0;
				TARGETED_DEVICE_FAMILY = "1,2";
			};
			name = Debug;
		};
		66BEA78C2B813B730051D68B /* Release */ = {
			isa = XCBuildConfiguration;
			buildSettings = {
				ASSETCATALOG_COMPILER_APPICON_NAME = AppIcon;
				ASSETCATALOG_COMPILER_GLOBAL_ACCENT_COLOR_NAME = AccentColor;
				CODE_SIGN_STYLE = Automatic;
				CURRENT_PROJECT_VERSION = 1;
				DEVELOPMENT_ASSET_PATHS = "\"WorkCalendarManager/Preview Content\"";
				DEVELOPMENT_TEAM = 8M6629LY4U;
				ENABLE_PREVIEWS = YES;
				GENERATE_INFOPLIST_FILE = YES;
				INFOPLIST_FILE = WorkCalendarManager/Info.plist;
				INFOPLIST_KEY_UIApplicationSceneManifest_Generation = YES;
				INFOPLIST_KEY_UIApplicationSupportsIndirectInputEvents = YES;
				INFOPLIST_KEY_UILaunchScreen_Generation = YES;
				INFOPLIST_KEY_UISupportedInterfaceOrientations = UIInterfaceOrientationPortrait;
				INFOPLIST_KEY_UISupportedInterfaceOrientations_iPad = "UIInterfaceOrientationLandscapeLeft UIInterfaceOrientationLandscapeRight UIInterfaceOrientationPortrait UIInterfaceOrientationPortraitUpsideDown";
				IPHONEOS_DEPLOYMENT_TARGET = 17.0;
				LD_RUNPATH_SEARCH_PATHS = (
					"$(inherited)",
					"@executable_path/Frameworks",
				);
				MARKETING_VERSION = 1.0;
				PRODUCT_BUNDLE_IDENTIFIER = com.admi126n.WorkCalendarManager;
				PRODUCT_NAME = "$(TARGET_NAME)";
				SWIFT_EMIT_LOC_STRINGS = YES;
				SWIFT_VERSION = 5.0;
				TARGETED_DEVICE_FAMILY = "1,2";
			};
			name = Release;
		};
/* End XCBuildConfiguration section */

/* Begin XCConfigurationList section */
		66BEA7772B813B710051D68B /* Build configuration list for PBXProject "WorkCalendarManager" */ = {
			isa = XCConfigurationList;
			buildConfigurations = (
				66BEA7882B813B730051D68B /* Debug */,
				66BEA7892B813B730051D68B /* Release */,
			);
			defaultConfigurationIsVisible = 0;
			defaultConfigurationName = Release;
		};
		66BEA78A2B813B730051D68B /* Build configuration list for PBXNativeTarget "WorkCalendarManager" */ = {
			isa = XCConfigurationList;
			buildConfigurations = (
				66BEA78B2B813B730051D68B /* Debug */,
				66BEA78C2B813B730051D68B /* Release */,
			);
			defaultConfigurationIsVisible = 0;
			defaultConfigurationName = Release;
		};
/* End XCConfigurationList section */
	};
	rootObject = 66BEA7742B813B710051D68B /* Project object */;
}
